
Microsoft Visual Studio Solution File, Format Version 12.00
# Visual Studio Version 17
VisualStudioVersion = 17.0.31903.59
MinimumVisualStudioVersion = 10.0.40219.1
Project("{9A19103F-16F7-4668-BE54-9A1E7A4F7556}") = "eshop.Domain", "src\eshop.Domain\eshop.Domain.csproj", "{A5148C9B-0900-476F-82B5-2713E269C710}"
EndProject
Project("{9A19103F-16F7-4668-BE54-9A1E7A4F7556}") = "eshop.Persistence", "src\eshop.Persistence\eshop.Persistence.csproj", "{8173494D-762D-4D10-824E-63DC43909F28}"
EndProject
Project("{00D1A9C2-B5F0-4AF3-8072-F6C62B433612}") = "AppDB", "AppDB\AppDB.sqlproj", "{CCB70C70-52F9-4BD6-94F3-4E5BA739BDB2}"
EndProject
Project("{9A19103F-16F7-4668-BE54-9A1E7A4F7556}") = "eshop.Api", "eshop.Api\eshop.Api.csproj", "{1B4C6291-3B15-4CAE-A12E-A22A07A2A933}"
EndProject
Project("{9A19103F-16F7-4668-BE54-9A1E7A4F7556}") = "eshop.Shared", "eshop.Shared\eshop.Shared.csproj", "{03C70FE3-B5D2-4AF1-8AF0-5C1E0A067430}"
EndProject
Global
	GlobalSection(SolutionConfigurationPlatforms) = preSolution
		Debug|Any CPU = Debug|Any CPU
		Release|Any CPU = Release|Any CPU
	EndGlobalSection
	GlobalSection(ProjectConfigurationPlatforms) = postSolution
		{A5148C9B-0900-476F-82B5-2713E269C710}.Debug|Any CPU.ActiveCfg = Debug|Any CPU
		{A5148C9B-0900-476F-82B5-2713E269C710}.Debug|Any CPU.Build.0 = Debug|Any CPU
		{A5148C9B-0900-476F-82B5-2713E269C710}.Release|Any CPU.ActiveCfg = Release|Any CPU
		{A5148C9B-0900-476F-82B5-2713E269C710}.Release|Any CPU.Build.0 = Release|Any CPU
		{8173494D-762D-4D10-824E-63DC43909F28}.Debug|Any CPU.ActiveCfg = Debug|Any CPU
		{8173494D-762D-4D10-824E-63DC43909F28}.Debug|Any CPU.Build.0 = Debug|Any CPU
		{8173494D-762D-4D10-824E-63DC43909F28}.Release|Any CPU.ActiveCfg = Release|Any CPU
		{8173494D-762D-4D10-824E-63DC43909F28}.Release|Any CPU.Build.0 = Release|Any CPU
		{CCB70C70-52F9-4BD6-94F3-4E5BA739BDB2}.Debug|Any CPU.ActiveCfg = Debug|Any CPU
		{CCB70C70-52F9-4BD6-94F3-4E5BA739BDB2}.Debug|Any CPU.Deploy.0 = Debug|Any CPU
		{CCB70C70-52F9-4BD6-94F3-4E5BA739BDB2}.Release|Any CPU.ActiveCfg = Release|Any CPU
		{CCB70C70-52F9-4BD6-94F3-4E5BA739BDB2}.Release|Any CPU.Build.0 = Release|Any CPU
		{CCB70C70-52F9-4BD6-94F3-4E5BA739BDB2}.Release|Any CPU.Deploy.0 = Release|Any CPU
		{1B4C6291-3B15-4CAE-A12E-A22A07A2A933}.Debug|Any CPU.ActiveCfg = Debug|Any CPU
		{1B4C6291-3B15-4CAE-A12E-A22A07A2A933}.Debug|Any CPU.Build.0 = Debug|Any CPU
		{1B4C6291-3B15-4CAE-A12E-A22A07A2A933}.Release|Any CPU.ActiveCfg = Release|Any CPU
		{1B4C6291-3B15-4CAE-A12E-A22A07A2A933}.Release|Any CPU.Build.0 = Release|Any CPU
		{03C70FE3-B5D2-4AF1-8AF0-5C1E0A067430}.Debug|Any CPU.ActiveCfg = Debug|Any CPU
		{03C70FE3-B5D2-4AF1-8AF0-5C1E0A067430}.Debug|Any CPU.Build.0 = Debug|Any CPU
		{03C70FE3-B5D2-4AF1-8AF0-5C1E0A067430}.Release|Any CPU.ActiveCfg = Release|Any CPU
		{03C70FE3-B5D2-4AF1-8AF0-5C1E0A067430}.Release|Any CPU.Build.0 = Release|Any CPU
	EndGlobalSection
	GlobalSection(SolutionProperties) = preSolution
		HideSolutionNode = FALSE
	EndGlobalSection
	GlobalSection(ExtensibilityGlobals) = postSolution
		SolutionGuid = {5BF02AA9-68D1-4938-895F-419B0DE79AB8}
	EndGlobalSection
EndGlobal
